
Microsoft Visual Studio Solution File, Format Version 12.00
# Visual Studio Version 16
VisualStudioVersion = 16.0.810.8
MinimumVisualStudioVersion = 10.0.40219.1
Project("{FAE04EC0-301F-11D3-BF4B-00C04F79EFBC}") = "AnimatedHeader.Android", "AnimatedHeader.Android\AnimatedHeader.Android.csproj", "{0B08E128-CCE1-4B8E-83E3-D3AD562C33E3}"
EndProject
Project("{FAE04EC0-301F-11D3-BF4B-00C04F79EFBC}") = "AnimatedHeader.iOS", "AnimatedHeader.iOS\AnimatedHeader.iOS.csproj", "{17441B29-84AF-4801-9D72-170ADEDBEB92}"
EndProject
Project("{FAE04EC0-301F-11D3-BF4B-00C04F79EFBC}") = "AnimatedHeader", "AnimatedHeader\AnimatedHeader.csproj", "{D1C637BA-A86D-46C7-8E86-0863AC43CE98}"
EndProject
Global
	GlobalSection(SolutionConfigurationPlatforms) = preSolution
		Debug|Any CPU = Debug|Any CPU
		Release|Any CPU = Release|Any CPU
		Debug|iPhoneSimulator = Debug|iPhoneSimulator
		Release|iPhoneSimulator = Release|iPhoneSimulator
		Debug|iPhone = Debug|iPhone
		Release|iPhone = Release|iPhone
	EndGlobalSection
	GlobalSection(ProjectConfigurationPlatforms) = postSolution
		{0B08E128-CCE1-4B8E-83E3-D3AD562C33E3}.Debug|Any CPU.ActiveCfg = Debug|Any CPU
		{0B08E128-CCE1-4B8E-83E3-D3AD562C33E3}.Debug|Any CPU.Build.0 = Debug|Any CPU
		{0B08E128-CCE1-4B8E-83E3-D3AD562C33E3}.Release|Any CPU.ActiveCfg = Release|Any CPU
		{0B08E128-CCE1-4B8E-83E3-D3AD562C33E3}.Release|Any CPU.Build.0 = Release|Any CPU
		{0B08E128-CCE1-4B8E-83E3-D3AD562C33E3}.Debug|iPhoneSimulator.ActiveCfg = Debug|Any CPU
		{0B08E128-CCE1-4B8E-83E3-D3AD562C33E3}.Debug|iPhoneSimulator.Build.0 = Debug|Any CPU
		{0B08E128-CCE1-4B8E-83E3-D3AD562C33E3}.Release|iPhoneSimulator.ActiveCfg = Release|Any CPU
		{0B08E128-CCE1-4B8E-83E3-D3AD562C33E3}.Release|iPhoneSimulator.Build.0 = Release|Any CPU
		{0B08E128-CCE1-4B8E-83E3-D3AD562C33E3}.Debug|iPhone.ActiveCfg = Debug|Any CPU
		{0B08E128-CCE1-4B8E-83E3-D3AD562C33E3}.Debug|iPhone.Build.0 = Debug|Any CPU
		{0B08E128-CCE1-4B8E-83E3-D3AD562C33E3}.Release|iPhone.ActiveCfg = Release|Any CPU
		{0B08E128-CCE1-4B8E-83E3-D3AD562C33E3}.Release|iPhone.Build.0 = Release|Any CPU
		{17441B29-84AF-4801-9D72-170ADEDBEB92}.Debug|Any CPU.ActiveCfg = Debug|iPhoneSimulator
		{17441B29-84AF-4801-9D72-170ADEDBEB92}.Debug|Any CPU.Build.0 = Debug|iPhoneSimulator
		{17441B29-84AF-4801-9D72-170ADEDBEB92}.Release|Any CPU.ActiveCfg = Release|iPhoneSimulator
		{17441B29-84AF-4801-9D72-170ADEDBEB92}.Release|Any CPU.Build.0 = Release|iPhoneSimulator
		{17441B29-84AF-4801-9D72-170ADEDBEB92}.Debug|iPhoneSimulator.ActiveCfg = Debug|iPhoneSimulator
		{17441B29-84AF-4801-9D72-170ADEDBEB92}.Debug|iPhoneSimulator.Build.0 = Debug|iPhoneSimulator
		{17441B29-84AF-4801-9D72-170ADEDBEB92}.Release|iPhoneSimulator.ActiveCfg = Release|iPhoneSimulator
		{17441B29-84AF-4801-9D72-170ADEDBEB92}.Release|iPhoneSimulator.Build.0 = Release|iPhoneSimulator
		{17441B29-84AF-4801-9D72-170ADEDBEB92}.Debug|iPhone.ActiveCfg = Debug|iPhone
		{17441B29-84AF-4801-9D72-170ADEDBEB92}.Debug|iPhone.Build.0 = Debug|iPhone
		{17441B29-84AF-4801-9D72-170ADEDBEB92}.Release|iPhone.ActiveCfg = Release|iPhone
		{17441B29-84AF-4801-9D72-170ADEDBEB92}.Release|iPhone.Build.0 = Release|iPhone
		{D1C637BA-A86D-46C7-8E86-0863AC43CE98}.Debug|Any CPU.ActiveCfg = Debug|Any CPU
		{D1C637BA-A86D-46C7-8E86-0863AC43CE98}.Debug|Any CPU.Build.0 = Debug|Any CPU
		{D1C637BA-A86D-46C7-8E86-0863AC43CE98}.Release|Any CPU.ActiveCfg = Release|Any CPU
		{D1C637BA-A86D-46C7-8E86-0863AC43CE98}.Release|Any CPU.Build.0 = Release|Any CPU
		{D1C637BA-A86D-46C7-8E86-0863AC43CE98}.Debug|iPhoneSimulator.ActiveCfg = Debug|Any CPU
		{D1C637BA-A86D-46C7-8E86-0863AC43CE98}.Debug|iPhoneSimulator.Build.0 = Debug|Any CPU
		{D1C637BA-A86D-46C7-8E86-0863AC43CE98}.Release|iPhoneSimulator.ActiveCfg = Release|Any CPU
		{D1C637BA-A86D-46C7-8E86-0863AC43CE98}.Release|iPhoneSimulator.Build.0 = Release|Any CPU
		{D1C637BA-A86D-46C7-8E86-0863AC43CE98}.Debug|iPhone.ActiveCfg = Debug|Any CPU
		{D1C637BA-A86D-46C7-8E86-0863AC43CE98}.Debug|iPhone.Build.0 = Debug|Any CPU
		{D1C637BA-A86D-46C7-8E86-0863AC43CE98}.Release|iPhone.ActiveCfg = Release|Any CPU
		{D1C637BA-A86D-46C7-8E86-0863AC43CE98}.Release|iPhone.Build.0 = Release|Any CPU
	EndGlobalSection
	GlobalSection(SolutionProperties) = preSolution
		HideSolutionNode = FALSE
	EndGlobalSection
	GlobalSection(ExtensibilityGlobals) = postSolution
		SolutionGuid = {E866E864-B77A-4991-AA72-307D646D7914}
	EndGlobalSection
EndGlobal
